// !$*UTF8*$!
{
	archiveVersion = 1;
	classes = {
	};
	objectVersion = 50;
	objects = {

/* Begin PBXBuildFile section */
		DE2B65E923E30827000B113E /* AppDelegate.swift in Sources */ = {isa = PBXBuildFile; fileRef = DE2B65E823E30827000B113E /* AppDelegate.swift */; };
		DE2B65EB23E30827000B113E /* SceneDelegate.swift in Sources */ = {isa = PBXBuildFile; fileRef = DE2B65EA23E30827000B113E /* SceneDelegate.swift */; };
		DE2B65ED23E30827000B113E /* ViewController.swift in Sources */ = {isa = PBXBuildFile; fileRef = DE2B65EC23E30827000B113E /* ViewController.swift */; };
		DE2B65F023E30827000B113E /* Main.storyboard in Resources */ = {isa = PBXBuildFile; fileRef = DE2B65EE23E30827000B113E /* Main.storyboard */; };
		DE2B65F323E30827000B113E /* LibraryBookTracker.xcdatamodeld in Sources */ = {isa = PBXBuildFile; fileRef = DE2B65F123E30827000B113E /* LibraryBookTracker.xcdatamodeld */; };
		DE2B65F523E30829000B113E /* Assets.xcassets in Resources */ = {isa = PBXBuildFile; fileRef = DE2B65F423E30829000B113E /* Assets.xcassets */; };
		DE2B65F823E30829000B113E /* LaunchScreen.storyboard in Resources */ = {isa = PBXBuildFile; fileRef = DE2B65F623E30829000B113E /* LaunchScreen.storyboard */; };
/* End PBXBuildFile section */

/* Begin PBXFileReference section */
		DE2B65E523E30827000B113E /* LibraryBookTracker.app */ = {isa = PBXFileReference; explicitFileType = wrapper.application; includeInIndex = 0; path = LibraryBookTracker.app; sourceTree = BUILT_PRODUCTS_DIR; };
		DE2B65E823E30827000B113E /* AppDelegate.swift */ = {isa = PBXFileReference; lastKnownFileType = sourcecode.swift; path = AppDelegate.swift; sourceTree = "<group>"; };
		DE2B65EA23E30827000B113E /* SceneDelegate.swift */ = {isa = PBXFileReference; lastKnownFileType = sourcecode.swift; path = SceneDelegate.swift; sourceTree = "<group>"; };
		DE2B65EC23E30827000B113E /* ViewController.swift */ = {isa = PBXFileReference; lastKnownFileType = sourcecode.swift; path = ViewController.swift; sourceTree = "<group>"; };
		DE2B65EF23E30827000B113E /* Base */ = {isa = PBXFileReference; lastKnownFileType = file.storyboard; name = Base; path = Base.lproj/Main.storyboard; sourceTree = "<group>"; };
		DE2B65F223E30827000B113E /* LibraryBookTracker.xcdatamodel */ = {isa = PBXFileReference; lastKnownFileType = wrapper.xcdatamodel; path = LibraryBookTracker.xcdatamodel; sourceTree = "<group>"; };
		DE2B65F423E30829000B113E /* Assets.xcassets */ = {isa = PBXFileReference; lastKnownFileType = folder.assetcatalog; path = Assets.xcassets; sourceTree = "<group>"; };
		DE2B65F723E30829000B113E /* Base */ = {isa = PBXFileReference; lastKnownFileType = file.storyboard; name = Base; path = Base.lproj/LaunchScreen.storyboard; sourceTree = "<group>"; };
		DE2B65F923E30829000B113E /* Info.plist */ = {isa = PBXFileReference; lastKnownFileType = text.plist.xml; path = Info.plist; sourceTree = "<group>"; };
/* End PBXFileReference section */

/* Begin PBXFrameworksBuildPhase section */
		DE2B65E223E30827000B113E /* Frameworks */ = {
			isa = PBXFrameworksBuildPhase;
			buildActionMask = 2147483647;
			files = (
			);
			runOnlyForDeploymentPostprocessing = 0;
		};
/* End PBXFrameworksBuildPhase section */

/* Begin PBXGroup section */
		DE2B65DC23E30827000B113E = {
			isa = PBXGroup;
			children = (
				DE2B65E723E30827000B113E /* LibraryBookTracker */,
				DE2B65E623E30827000B113E /* Products */,
			);
			sourceTree = "<group>";
		};
		DE2B65E623E30827000B113E /* Products */ = {
			isa = PBXGroup;
			children = (
				DE2B65E523E30827000B113E /* LibraryBookTracker.app */,
			);
			name = Products;
			sourceTree = "<group>";
		};
		DE2B65E723E30827000B113E /* LibraryBookTracker */ = {
			isa = PBXGroup;
			children = (
				DE2B65E823E30827000B113E /* AppDelegate.swift */,
				DE2B65EA23E30827000B113E /* SceneDelegate.swift */,
				DE2B65EC23E30827000B113E /* ViewController.swift */,
				DE2B65EE23E30827000B113E /* Main.storyboard */,
				DE2B65F423E30829000B113E /* Assets.xcassets */,
				DE2B65F623E30829000B113E /* LaunchScreen.storyboard */,
				DE2B65F923E30829000B113E /* Info.plist */,
				DE2B65F123E30827000B113E /* LibraryBookTracker.xcdatamodeld */,
			);
			path = LibraryBookTracker;
			sourceTree = "<group>";
		};
/* End PBXGroup section */

/* Begin PBXNativeTarget section */
		DE2B65E423E30827000B113E /* LibraryBookTracker */ = {
			isa = PBXNativeTarget;
			buildConfigurationList = DE2B65FC23E30829000B113E /* Build configuration list for PBXNativeTarget "LibraryBookTracker" */;
			buildPhases = (
				DE2B65E123E30827000B113E /* Sources */,
				DE2B65E223E30827000B113E /* Frameworks */,
				DE2B65E323E30827000B113E /* Resources */,
			);
			buildRules = (
			);
			dependencies = (
			);
			name = LibraryBookTracker;
			productName = LibraryBookTracker;
			productReference = DE2B65E523E30827000B113E /* LibraryBookTracker.app */;
			productType = "com.apple.product-type.application";
		};
/* End PBXNativeTarget section */

/* Begin PBXProject section */
		DE2B65DD23E30827000B113E /* Project object */ = {
			isa = PBXProject;
			attributes = {
				LastSwiftUpdateCheck = 1130;
				LastUpgradeCheck = 1130;
				ORGANIZATIONNAME = "Brian Surgenor";
				TargetAttributes = {
					DE2B65E423E30827000B113E = {
						CreatedOnToolsVersion = 11.3.1;
					};
				};
			};
			buildConfigurationList = DE2B65E023E30827000B113E /* Build configuration list for PBXProject "LibraryBookTracker" */;
			compatibilityVersion = "Xcode 9.3";
			developmentRegion = en;
			hasScannedForEncodings = 0;
			knownRegions = (
				en,
				Base,
			);
			mainGroup = DE2B65DC23E30827000B113E;
			productRefGroup = DE2B65E623E30827000B113E /* Products */;
			projectDirPath = "";
			projectRoot = "";
			targets = (
				DE2B65E423E30827000B113E /* LibraryBookTracker */,
			);
		};
/* End PBXProject section */

/* Begin PBXResourcesBuildPhase section */
		DE2B65E323E30827000B113E /* Resources */ = {
			isa = PBXResourcesBuildPhase;
			buildActionMask = 2147483647;
			files = (
				DE2B65F823E30829000B113E /* LaunchScreen.storyboard in Resources */,
				DE2B65F523E30829000B113E /* Assets.xcassets in Resources */,
				DE2B65F023E30827000B113E /* Main.storyboard in Resources */,
			);
			runOnlyForDeploymentPostprocessing = 0;
		};
/* End PBXResourcesBuildPhase section */

/* Begin PBXSourcesBuildPhase section */
		DE2B65E123E30827000B113E /* Sources */ = {
			isa = PBXSourcesBuildPhase;
			buildActionMask = 2147483647;
			files = (
				DE2B65ED23E30827000B113E /* ViewController.swift in Sources */,
				DE2B65E923E30827000B113E /* AppDelegate.swift in Sources */,
				DE2B65EB23E30827000B113E /* SceneDelegate.swift in Sources */,
				DE2B65F323E30827000B113E /* LibraryBookTracker.xcdatamodeld in Sources */,
			);
			runOnlyForDeploymentPostprocessing = 0;
		};
/* End PBXSourcesBuildPhase section */

/* Begin PBXVariantGroup section */
		DE2B65EE23E30827000B113E /* Main.storyboard */ = {
			isa = PBXVariantGroup;
			children = (
				DE2B65EF23E30827000B113E /* Base */,
			);
			name = Main.storyboard;
			sourceTree = "<group>";
		};
		DE2B65F623E30829000B113E /* LaunchScreen.storyboard */ = {
			isa = PBXVariantGroup;
			children = (
				DE2B65F723E30829000B113E /* Base */,
			);
			name = LaunchScreen.storyboard;
			sourceTree = "<group>";
		};
/* End PBXVariantGroup section */

/* Begin XCBuildConfiguration section */
		DE2B65FA23E30829000B113E /* Debug */ = {
			isa = XCBuildConfiguration;
			buildSettings = {
				ALWAYS_SEARCH_USER_PATHS = NO;
				CLANG_ANALYZER_NONNULL = YES;
				CLANG_ANALYZER_NUMBER_OBJECT_CONVERSION = YES_AGGRESSIVE;
				CLANG_CXX_LANGUAGE_STANDARD = "gnu++14";
				CLANG_CXX_LIBRARY = "libc++";
				CLANG_ENABLE_MODULES = YES;
				CLANG_ENABLE_OBJC_ARC = YES;
				CLANG_ENABLE_OBJC_WEAK = YES;
				CLANG_WARN_BLOCK_CAPTURE_AUTORELEASING = YES;
				CLANG_WARN_BOOL_CONVERSION = YES;
				CLANG_WARN_COMMA = YES;
				CLANG_WARN_CONSTANT_CONVERSION = YES;
				CLANG_WARN_DEPRECATED_OBJC_IMPLEMENTATIONS = YES;
				CLANG_WARN_DIRECT_OBJC_ISA_USAGE = YES_ERROR;
				CLANG_WARN_DOCUMENTATION_COMMENTS = YES;
				CLANG_WARN_EMPTY_BODY = YES;
				CLANG_WARN_ENUM_CONVERSION = YES;
				CLANG_WARN_INFINITE_RECURSION = YES;
				CLANG_WARN_INT_CONVERSION = YES;
				CLANG_WARN_NON_LITERAL_NULL_CONVERSION = YES;
				CLANG_WARN_OBJC_IMPLICIT_RETAIN_SELF = YES;
				CLANG_WARN_OBJC_LITERAL_CONVERSION = YES;
				CLANG_WARN_OBJC_ROOT_CLASS = YES_ERROR;
				CLANG_WARN_RANGE_LOOP_ANALYSIS = YES;
				CLANG_WARN_STRICT_PROTOTYPES = YES;
				CLANG_WARN_SUSPICIOUS_MOVE = YES;
				CLANG_WARN_UNGUARDED_AVAILABILITY = YES_AGGRESSIVE;
				CLANG_WARN_UNREACHABLE_CODE = YES;
				CLANG_WARN__DUPLICATE_METHOD_MATCH = YES;
				COPY_PHASE_STRIP = NO;
				DEBUG_INFORMATION_FORMAT = dwarf;
				ENABLE_STRICT_OBJC_MSGSEND = YES;
				ENABLE_TESTABILITY = YES;
				GCC_C_LANGUAGE_STANDARD = gnu11;
				GCC_DYNAMIC_NO_PIC = NO;
				GCC_NO_COMMON_BLOCKS = YES;
				GCC_OPTIMIZATION_LEVEL = 0;
				GCC_PREPROCESSOR_DEFINITIONS = (
					"DEBUG=1",
					"$(inherited)",
				);
				GCC_WARN_64_TO_32_BIT_CONVERSION = YES;
				GCC_WARN_ABOUT_RETURN_TYPE = YES_ERROR;
				GCC_WARN_UNDECLARED_SELECTOR = YES;
				GCC_WARN_UNINITIALIZED_AUTOS = YES_AGGRESSIVE;
				GCC_WARN_UNUSED_FUNCTION = YES;
				GCC_WARN_UNUSED_VARIABLE = YES;
				IPHONEOS_DEPLOYMENT_TARGET = 13.2;
				MTL_ENABLE_DEBUG_INFO = INCLUDE_SOURCE;
				MTL_FAST_MATH = YES;
				ONLY_ACTIVE_ARCH = YES;
				SDKROOT = iphoneos;
				SWIFT_ACTIVE_COMPILATION_CONDITIONS = DEBUG;
				SWIFT_OPTIMIZATION_LEVEL = "-Onone";
			};
			name = Debug;
		};
		DE2B65FB23E30829000B113E /* Release */ = {
			isa = XCBuildConfiguration;
			buildSettings = {
				ALWAYS_SEARCH_USER_PATHS = NO;
				CLANG_ANALYZER_NONNULL = YES;
				CLANG_ANALYZER_NUMBER_OBJECT_CONVERSION = YES_AGGRESSIVE;
				CLANG_CXX_LANGUAGE_STANDARD = "gnu++14";
				CLANG_CXX_LIBRARY = "libc++";
				CLANG_ENABLE_MODULES = YES;
				CLANG_ENABLE_OBJC_ARC = YES;
				CLANG_ENABLE_OBJC_WEAK = YES;
				CLANG_WARN_BLOCK_CAPTURE_AUTORELEASING = YES;
				CLANG_WARN_BOOL_CONVERSION = YES;
				CLANG_WARN_COMMA = YES;
				CLANG_WARN_CONSTANT_CONVERSION = YES;
				CLANG_WARN_DEPRECATED_OBJC_IMPLEMENTATIONS = YES;
				CLANG_WARN_DIRECT_OBJC_ISA_USAGE = YES_ERROR;
				CLANG_WARN_DOCUMENTATION_COMMENTS = YES;
				CLANG_WARN_EMPTY_BODY = YES;
				CLANG_WARN_ENUM_CONVERSION = YES;
				CLANG_WARN_INFINITE_RECURSION = YES;
				CLANG_WARN_INT_CONVERSION = YES;
				CLANG_WARN_NON_LITERAL_NULL_CONVERSION = YES;
				CLANG_WARN_OBJC_IMPLICIT_RETAIN_SELF = YES;
				CLANG_WARN_OBJC_LITERAL_CONVERSION = YES;
				CLANG_WARN_OBJC_ROOT_CLASS = YES_ERROR;
				CLANG_WARN_RANGE_LOOP_ANALYSIS = YES;
				CLANG_WARN_STRICT_PROTOTYPES = YES;
				CLANG_WARN_SUSPICIOUS_MOVE = YES;
				CLANG_WARN_UNGUARDED_AVAILABILITY = YES_AGGRESSIVE;
				CLANG_WARN_UNREACHABLE_CODE = YES;
				CLANG_WARN__DUPLICATE_METHOD_MATCH = YES;
				COPY_PHASE_STRIP = NO;
				DEBUG_INFORMATION_FORMAT = "dwarf-with-dsym";
				ENABLE_NS_ASSERTIONS = NO;
				ENABLE_STRICT_OBJC_MSGSEND = YES;
				GCC_C_LANGUAGE_STANDARD = gnu11;
				GCC_NO_COMMON_BLOCKS = YES;
				GCC_WARN_64_TO_32_BIT_CONVERSION = YES;
				GCC_WARN_ABOUT_RETURN_TYPE = YES_ERROR;
				GCC_WARN_UNDECLARED_SELECTOR = YES;
				GCC_WARN_UNINITIALIZED_AUTOS = YES_AGGRESSIVE;
				GCC_WARN_UNUSED_FUNCTION = YES;
				GCC_WARN_UNUSED_VARIABLE = YES;
				IPHONEOS_DEPLOYMENT_TARGET = 13.2;
				MTL_ENABLE_DEBUG_INFO = NO;
				MTL_FAST_MATH = YES;
				SDKROOT = iphoneos;
				SWIFT_COMPILATION_MODE = wholemodule;
				SWIFT_OPTIMIZATION_LEVEL = "-O";
				VALIDATE_PRODUCT = YES;
			};
			name = Release;
		};
		DE2B65FD23E30829000B113E /* Debug */ = {
			isa = XCBuildConfiguration;
			buildSettings = {
				ASSETCATALOG_COMPILER_APPICON_NAME = AppIcon;
				CODE_SIGN_STYLE = Automatic;
				DEVELOPMENT_TEAM = 8FJCR98523;
				INFOPLIST_FILE = LibraryBookTracker/Info.plist;
				LD_RUNPATH_SEARCH_PATHS = (
					"$(inherited)",
					"@executable_path/Frameworks",
				);
				PRODUCT_BUNDLE_IDENTIFIER = com.briansurgenor.LibraryBookTracker;
				PRODUCT_NAME = "$(TARGET_NAME)";
				SWIFT_VERSION = 5.0;
				TARGETED_DEVICE_FAMILY = "1,2";
			};
			name = Debug;
		};
		DE2B65FE23E30829000B113E /* Release */ = {
			isa = XCBuildConfiguration;
			buildSettings = {
				ASSETCATALOG_COMPILER_APPICON_NAME = AppIcon;
				CODE_SIGN_STYLE = Automatic;
				DEVELOPMENT_TEAM = 8FJCR98523;
				INFOPLIST_FILE = LibraryBookTracker/Info.plist;
				LD_RUNPATH_SEARCH_PATHS = (
					"$(inherited)",
					"@executable_path/Frameworks",
				);
				PRODUCT_BUNDLE_IDENTIFIER = com.briansurgenor.LibraryBookTracker;
				PRODUCT_NAME = "$(TARGET_NAME)";
				SWIFT_VERSION = 5.0;
				TARGETED_DEVICE_FAMILY = "1,2";
			};
			name = Release;
		};
/* End XCBuildConfiguration section */

/* Begin XCConfigurationList section */
		DE2B65E023E30827000B113E /* Build configuration list for PBXProject "LibraryBookTracker" */ = {
			isa = XCConfigurationList;
			buildConfigurations = (
				DE2B65FA23E30829000B113E /* Debug */,
				DE2B65FB23E30829000B113E /* Release */,
			);
			defaultConfigurationIsVisible = 0;
			defaultConfigurationName = Release;
		};
		DE2B65FC23E30829000B113E /* Build configuration list for PBXNativeTarget "LibraryBookTracker" */ = {
			isa = XCConfigurationList;
			buildConfigurations = (
				DE2B65FD23E30829000B113E /* Debug */,
				DE2B65FE23E30829000B113E /* Release */,
			);
			defaultConfigurationIsVisible = 0;
			defaultConfigurationName = Release;
		};
/* End XCConfigurationList section */

/* Begin XCVersionGroup section */
		DE2B65F123E30827000B113E /* LibraryBookTracker.xcdatamodeld */ = {
			isa = XCVersionGroup;
			children = (
				DE2B65F223E30827000B113E /* LibraryBookTracker.xcdatamodel */,
			);
			currentVersion = DE2B65F223E30827000B113E /* LibraryBookTracker.xcdatamodel */;
			path = LibraryBookTracker.xcdatamodeld;
			sourceTree = "<group>";
			versionGroupType = wrapper.xcdatamodel;
		};
/* End XCVersionGroup section */
	};
	rootObject = DE2B65DD23E30827000B113E /* Project object */;
}
